
Microsoft Visual Studio Solution File, Format Version 12.00
# Visual Studio Version 17
VisualStudioVersion = 17.8.34309.116
MinimumVisualStudioVersion = 10.0.40219.1
Project("{FAE04EC0-301F-11D3-BF4B-00C04F79EFBC}") = "AlunosApi", "AlunosApi\AlunosApi.csproj", "{4E3C5386-A1B3-40DF-8307-549BAB706980}"
EndProject
Global
	GlobalSection(SolutionConfigurationPlatforms) = preSolution
		Debug|Any CPU = Debug|Any CPU
		Release|Any CPU = Release|Any CPU
	EndGlobalSection
	GlobalSection(ProjectConfigurationPlatforms) = postSolution
		{4E3C5386-A1B3-40DF-8307-549BAB706980}.Debug|Any CPU.ActiveCfg = Debug|Any CPU
		{4E3C5386-A1B3-40DF-8307-549BAB706980}.Debug|Any CPU.Build.0 = Debug|Any CPU
		{4E3C5386-A1B3-40DF-8307-549BAB706980}.Release|Any CPU.ActiveCfg = Release|Any CPU
		{4E3C5386-A1B3-40DF-8307-549BAB706980}.Release|Any CPU.Build.0 = Release|Any CPU
	EndGlobalSection
	GlobalSection(SolutionProperties) = preSolution
		HideSolutionNode = FALSE
	EndGlobalSection
	GlobalSection(ExtensibilityGlobals) = postSolution
		SolutionGuid = {1F9D8E71-408B-4DBB-B567-644269046C9B}
	EndGlobalSection
EndGlobal
